
Microsoft Visual Studio Solution File, Format Version 12.00
# Visual Studio Version 16
VisualStudioVersion = 16.0.29318.209
MinimumVisualStudioVersion = 10.0.40219.1
Project("{FAE04EC0-301F-11D3-BF4B-00C04F79EFBC}") = "CSharp_Basics", "CSharp_Basics\CSharp_Basics.csproj", "{648D1B14-D6D4-4B9B-ADCA-198954FBAAA7}"
EndProject
Project("{FAE04EC0-301F-11D3-BF4B-00C04F79EFBC}") = "Calculator", "Kalkulator\Calculator.csproj", "{BE7B0529-78E5-4256-8B1A-AD300E68C4F8}"
EndProject
Project("{FAE04EC0-301F-11D3-BF4B-00C04F79EFBC}") = "CalcTest", "CalcTest\CalcTest.csproj", "{E2133C0C-E6B4-4F23-8F25-4A4225BDBC32}"
EndProject
Project("{FAE04EC0-301F-11D3-BF4B-00C04F79EFBC}") = "SeleniumTests", "SeleniumTests\SeleniumTests.csproj", "{CBF133FC-F8E5-4F96-9081-881246DC71D1}"
EndProject
Global
	GlobalSection(SolutionConfigurationPlatforms) = preSolution
		Debug|Any CPU = Debug|Any CPU
		Release|Any CPU = Release|Any CPU
		Test|Any CPU = Test|Any CPU
	EndGlobalSection
	GlobalSection(ProjectConfigurationPlatforms) = postSolution
		{648D1B14-D6D4-4B9B-ADCA-198954FBAAA7}.Debug|Any CPU.ActiveCfg = Debug|Any CPU
		{648D1B14-D6D4-4B9B-ADCA-198954FBAAA7}.Debug|Any CPU.Build.0 = Debug|Any CPU
		{648D1B14-D6D4-4B9B-ADCA-198954FBAAA7}.Release|Any CPU.ActiveCfg = Release|Any CPU
		{648D1B14-D6D4-4B9B-ADCA-198954FBAAA7}.Release|Any CPU.Build.0 = Release|Any CPU
		{648D1B14-D6D4-4B9B-ADCA-198954FBAAA7}.Test|Any CPU.ActiveCfg = Test|Any CPU
		{648D1B14-D6D4-4B9B-ADCA-198954FBAAA7}.Test|Any CPU.Build.0 = Test|Any CPU
		{BE7B0529-78E5-4256-8B1A-AD300E68C4F8}.Debug|Any CPU.ActiveCfg = Debug|Any CPU
		{BE7B0529-78E5-4256-8B1A-AD300E68C4F8}.Debug|Any CPU.Build.0 = Debug|Any CPU
		{BE7B0529-78E5-4256-8B1A-AD300E68C4F8}.Release|Any CPU.ActiveCfg = Release|Any CPU
		{BE7B0529-78E5-4256-8B1A-AD300E68C4F8}.Release|Any CPU.Build.0 = Release|Any CPU
		{BE7B0529-78E5-4256-8B1A-AD300E68C4F8}.Test|Any CPU.ActiveCfg = Test|Any CPU
		{BE7B0529-78E5-4256-8B1A-AD300E68C4F8}.Test|Any CPU.Build.0 = Test|Any CPU
		{E2133C0C-E6B4-4F23-8F25-4A4225BDBC32}.Debug|Any CPU.ActiveCfg = Debug|Any CPU
		{E2133C0C-E6B4-4F23-8F25-4A4225BDBC32}.Debug|Any CPU.Build.0 = Debug|Any CPU
		{E2133C0C-E6B4-4F23-8F25-4A4225BDBC32}.Release|Any CPU.ActiveCfg = Release|Any CPU
		{E2133C0C-E6B4-4F23-8F25-4A4225BDBC32}.Release|Any CPU.Build.0 = Release|Any CPU
		{E2133C0C-E6B4-4F23-8F25-4A4225BDBC32}.Test|Any CPU.ActiveCfg = Test|Any CPU
		{E2133C0C-E6B4-4F23-8F25-4A4225BDBC32}.Test|Any CPU.Build.0 = Test|Any CPU
		{CBF133FC-F8E5-4F96-9081-881246DC71D1}.Debug|Any CPU.ActiveCfg = Debug|Any CPU
		{CBF133FC-F8E5-4F96-9081-881246DC71D1}.Debug|Any CPU.Build.0 = Debug|Any CPU
		{CBF133FC-F8E5-4F96-9081-881246DC71D1}.Release|Any CPU.ActiveCfg = Release|Any CPU
		{CBF133FC-F8E5-4F96-9081-881246DC71D1}.Release|Any CPU.Build.0 = Release|Any CPU
		{CBF133FC-F8E5-4F96-9081-881246DC71D1}.Test|Any CPU.ActiveCfg = Test|Any CPU
		{CBF133FC-F8E5-4F96-9081-881246DC71D1}.Test|Any CPU.Build.0 = Test|Any CPU
	EndGlobalSection
	GlobalSection(SolutionProperties) = preSolution
		HideSolutionNode = FALSE
	EndGlobalSection
	GlobalSection(ExtensibilityGlobals) = postSolution
		SolutionGuid = {F1979923-58CD-4565-9AD0-A4317DF08E4B}
	EndGlobalSection
EndGlobal
